{
    "name": "streamdvr",
    "version": "0.13.0",
    "lockfileVersion": 2,
    "requires": true,
    "packages": {
        "": {
            "name": "streamdvr",
            "version": "0.13.0",
            "license": "GPL-3.0",
            "dependencies": {
                "@types/js-yaml": "^4.0.0",
                "@types/node": "^12.20.1",
                "colors": "^1.4.0",
                "js-yaml": "^4.0.0",
                "moment": "^2.29.1",
                "neo-blessed": "github:embarklabs/neo-blessed"
            },
            "engines": {
                "node": ">=10.13.0"
            }
        },
        "node_modules/@types/js-yaml": {
            "version": "4.0.0",
            "resolved": "https://registry.npmjs.org/@types/js-yaml/-/js-yaml-4.0.0.tgz",
            "integrity": "sha512-4vlpCM5KPCL5CfGmTbpjwVKbISRYhduEJvvUWsH5EB7QInhEj94XPZ3ts/9FPiLZFqYO0xoW4ZL8z2AabTGgJA=="
        },
        "node_modules/@types/node": {
            "version": "12.20.5",
            "resolved": "https://registry.npmjs.org/@types/node/-/node-12.20.5.tgz",
            "integrity": "sha512-5Oy7tYZnu3a4pnJ//d4yVvOImExl4Vtwf0D40iKUlU+XlUsyV9iyFWyCFlwy489b72FMAik/EFwRkNLjjOdSPg=="
        },
        "node_modules/argparse": {
            "version": "2.0.1",
            "resolved": "https://registry.npmjs.org/argparse/-/argparse-2.0.1.tgz",
            "integrity": "sha512-8+9WqebbFzpX9OR+Wa6O29asIogeRMzcGtAINdpMHHyAg10f05aSFVBbcEqGf/PXw1EjAZ+q2/bEBg3DvurK3Q=="
        },
        "node_modules/colors": {
            "version": "1.4.0",
            "resolved": "https://registry.npmjs.org/colors/-/colors-1.4.0.tgz",
            "integrity": "sha512-a+UqTh4kgZg/SlGvfbzDHpgRu7AAQOmmqRHJnxhRZICKFUT91brVhNNt58CMWU9PsBbv3PDCZUHbVxuDiH2mtA==",
            "engines": {
                "node": ">=0.1.90"
            }
        },
        "node_modules/js-yaml": {
            "version": "4.0.0",
            "resolved": "https://registry.npmjs.org/js-yaml/-/js-yaml-4.0.0.tgz",
            "integrity": "sha512-pqon0s+4ScYUvX30wxQi3PogGFAlUyH0awepWvwkj4jD4v+ova3RiYw8bmA6x2rDrEaj8i/oWKoRxpVNW+Re8Q==",
            "dependencies": {
                "argparse": "^2.0.1"
            },
            "bin": {
                "js-yaml": "bin/js-yaml.js"
            }
        },
        "node_modules/moment": {
            "version": "2.29.1",
            "resolved": "https://registry.npmjs.org/moment/-/moment-2.29.1.tgz",
            "integrity": "sha512-kHmoybcPV8Sqy59DwNDY3Jefr64lK/by/da0ViFcuA4DH0vQg5Q6Ze5VimxkfQNSC+Mls/Kx53s7TjP1RhFEDQ==",
            "engines": {
                "node": "*"
            }
        },
        "node_modules/neo-blessed": {
            "version": "0.2.0",
            "resolved": "git+ssh://git@github.com/embarklabs/neo-blessed.git#fa63a5db0e0dfbc94d50fefd7703f574466b17db",
            "license": "MIT",
            "bin": {
                "neo-blessed": "bin/tput.js"
            },
            "engines": {
                "node": ">= 8.0.0"
            }
        }
    },
    "dependencies": {
        "@types/js-yaml": {
            "version": "4.0.0",
            "resolved": "https://registry.npmjs.org/@types/js-yaml/-/js-yaml-4.0.0.tgz",
            "integrity": "sha512-4vlpCM5KPCL5CfGmTbpjwVKbISRYhduEJvvUWsH5EB7QInhEj94XPZ3ts/9FPiLZFqYO0xoW4ZL8z2AabTGgJA=="
        },
        "@types/node": {
            "version": "12.20.5",
            "resolved": "https://registry.npmjs.org/@types/node/-/node-12.20.5.tgz",
            "integrity": "sha512-5Oy7tYZnu3a4pnJ//d4yVvOImExl4Vtwf0D40iKUlU+XlUsyV9iyFWyCFlwy489b72FMAik/EFwRkNLjjOdSPg=="
        },
        "argparse": {
            "version": "2.0.1",
            "resolved": "https://registry.npmjs.org/argparse/-/argparse-2.0.1.tgz",
            "integrity": "sha512-8+9WqebbFzpX9OR+Wa6O29asIogeRMzcGtAINdpMHHyAg10f05aSFVBbcEqGf/PXw1EjAZ+q2/bEBg3DvurK3Q=="
        },
        "colors": {
            "version": "1.4.0",
            "resolved": "https://registry.npmjs.org/colors/-/colors-1.4.0.tgz",
            "integrity": "sha512-a+UqTh4kgZg/SlGvfbzDHpgRu7AAQOmmqRHJnxhRZICKFUT91brVhNNt58CMWU9PsBbv3PDCZUHbVxuDiH2mtA=="
        },
        "js-yaml": {
            "version": "4.0.0",
            "resolved": "https://registry.npmjs.org/js-yaml/-/js-yaml-4.0.0.tgz",
            "integrity": "sha512-pqon0s+4ScYUvX30wxQi3PogGFAlUyH0awepWvwkj4jD4v+ova3RiYw8bmA6x2rDrEaj8i/oWKoRxpVNW+Re8Q==",
            "requires": {
                "argparse": "^2.0.1"
            }
        },
        "moment": {
            "version": "2.29.1",
            "resolved": "https://registry.npmjs.org/moment/-/moment-2.29.1.tgz",
            "integrity": "sha512-kHmoybcPV8Sqy59DwNDY3Jefr64lK/by/da0ViFcuA4DH0vQg5Q6Ze5VimxkfQNSC+Mls/Kx53s7TjP1RhFEDQ=="
        },
        "neo-blessed": {
            "version": "git+ssh://git@github.com/embarklabs/neo-blessed.git#fa63a5db0e0dfbc94d50fefd7703f574466b17db",
            "from": "neo-blessed@github:embarklabs/neo-blessed"
        }
    }
}
