{
    "name": "streamdvr",
    "version": "0.13.0",
    "lockfileVersion": 1,
    "requires": true,
    "dependencies": {
        "@types/js-yaml": {
            "version": "3.12.5",
            "resolved": "https://registry.npmjs.org/@types/js-yaml/-/js-yaml-3.12.5.tgz",
            "integrity": "sha512-JCcp6J0GV66Y4ZMDAQCXot4xprYB+Zfd3meK9+INSJeVZwJmHAW30BBEEkPzXswMXuiyReUGOP3GxrADc9wPww=="
        },
        "@types/mv": {
            "version": "2.1.0",
            "resolved": "https://registry.npmjs.org/@types/mv/-/mv-2.1.0.tgz",
            "integrity": "sha512-9uDB9lojfIQipxfI308//b4c5isHs6uMo3kIMzv73FPdXmMnAk6iELHGI849cuuDPHy6aXBwN/q9gMzjRyhJ+w=="
        },
        "@types/node": {
            "version": "12.19.11",
            "resolved": "https://registry.npmjs.org/@types/node/-/node-12.19.11.tgz",
            "integrity": "sha512-bwVfNTFZOrGXyiQ6t4B9sZerMSShWNsGRw8tC5DY1qImUNczS9SjT4G6PnzjCnxsu5Ubj6xjL2lgwddkxtQl5w=="
        },
        "argparse": {
            "version": "1.0.10",
            "resolved": "https://registry.npmjs.org/argparse/-/argparse-1.0.10.tgz",
            "integrity": "sha512-o5Roy6tNG4SL/FOkCAN6RzjiakZS25RLYFrcMttJqbdd8BWrnA+fGz57iN5Pb06pvBGvl5gQ0B48dJlslXvoTg==",
            "requires": {
                "sprintf-js": "~1.0.2"
            }
        },
        "colors": {
            "version": "1.4.0",
            "resolved": "https://registry.npmjs.org/colors/-/colors-1.4.0.tgz",
            "integrity": "sha512-a+UqTh4kgZg/SlGvfbzDHpgRu7AAQOmmqRHJnxhRZICKFUT91brVhNNt58CMWU9PsBbv3PDCZUHbVxuDiH2mtA=="
        },
        "esprima": {
            "version": "4.0.1",
            "resolved": "https://registry.npmjs.org/esprima/-/esprima-4.0.1.tgz",
            "integrity": "sha512-eGuFFw7Upda+g4p+QHvnW0RyTX/SVeJBDM/gCtMARO0cLuT2HcEKnTPvhjV6aGeqrCB/sbNop0Kszm0jsaWU4A=="
        },
        "js-yaml": {
            "version": "3.14.1",
            "resolved": "https://registry.npmjs.org/js-yaml/-/js-yaml-3.14.1.tgz",
            "integrity": "sha512-okMH7OXXJ7YrN9Ok3/SXrnu4iX9yOk+25nqX4imS2npuvTYDmo/QEZoqwZkYaIDk3jVvBOTOIEgEhaLOynBS9g==",
            "requires": {
                "argparse": "^1.0.7",
                "esprima": "^4.0.0"
            }
        },
        "moment": {
            "version": "2.29.1",
            "resolved": "https://registry.npmjs.org/moment/-/moment-2.29.1.tgz",
            "integrity": "sha512-kHmoybcPV8Sqy59DwNDY3Jefr64lK/by/da0ViFcuA4DH0vQg5Q6Ze5VimxkfQNSC+Mls/Kx53s7TjP1RhFEDQ=="
        },
        "neo-blessed": {
            "version": "github:embark-framework/neo-blessed#fa63a5db0e0dfbc94d50fefd7703f574466b17db",
            "from": "github:embark-framework/neo-blessed"
        },
        "sprintf-js": {
            "version": "1.0.3",
            "resolved": "https://registry.npmjs.org/sprintf-js/-/sprintf-js-1.0.3.tgz",
            "integrity": "sha1-BOaSb2YolTVPPdAVIDYzuFcpfiw="
        }
    }
}
